<?xml version="1.0" encoding="utf-8"?>
<Project ToolsVersion="4.0" xmlns="http://schemas.microsoft.com/developer/msbuild/2003">
  <ItemGroup>
    <Filter Include="Source Files">
      <UniqueIdentifier>{4FC737F1-C7A5-4376-A066-2A32D752A2FF}</UniqueIdentifier>
      <Extensions>cpp;c;cc;cxx;def;odl;idl;hpj;bat;asm;asmx</Extensions>
    </Filter>
    <Filter Include="Header Files">
      <UniqueIdentifier>{93995380-89BD-4b04-88EB-625FBE52EBFB}</UniqueIdentifier>
      <Extensions>h;hpp;hxx;hm;inl;inc;xsd</Extensions>
    </Filter>
    <Filter Include="Resource Files">
      <UniqueIdentifier>{67DA6AB6-F800-4c08-8B7A-83BB121AAD01}</UniqueIdentifier>
      <Extensions>rc;ico;cur;bmp;dlg;rc2;rct;bin;rgs;gif;jpg;jpeg;jpe;resx;tiff;tif;png;wav;mfcribbon-ms</Extensions>
    </Filter>
    <Filter Include="Generated Files">
      <UniqueIdentifier>{07a834a6-f33e-47cc-8a3a-fcf3098b6dd5}</UniqueIdentifier>
    </Filter>
    <Filter Include="Support Files">
      <UniqueIdentifier>{6baf246b-7604-4092-bb1f-44517aedb3b9}</UniqueIdentifier>
    </Filter>
  </ItemGroup>
  <ItemGroup>
    <ClCompile Include="main.cpp">
      <Filter>Source Files</Filter>
    </ClCompile>
    <ClCompile Include="linear system solving.cpp">
      <Filter>Source Files</Filter>
    </ClCompile>
    <ClCompile Include="symbolic computation.cpp">
      <Filter>Source Files</Filter>
    </ClCompile>
    <ClCompile Include="gui model.cpp">
      <Filter>Source Files</Filter>
    </ClCompile>
    <ClCompile Include="symbol table.cpp">
      <Filter>Source Files</Filter>
    </ClCompile>
    <ClCompile Include="geometry.cpp">
      <Filter>Source Files</Filter>
    </ClCompile>
    <ClCompile Include="graphene.cpp">
      <Filter>Source Files</Filter>
    </ClCompile>
  </ItemGroup>
  <ItemGroup>
    <ClInclude Include="eigen-rational interface code.h">
      <Filter>Header Files</Filter>
    </ClInclude>
    <ClInclude Include="linear system solving.h">
      <Filter>Header Files</Filter>
    </ClInclude>
    <ClInclude Include="symbolic computation.h">
      <Filter>Header Files</Filter>
    </ClInclude>
    <ClInclude Include="gui model.h">
      <Filter>Header Files</Filter>
    </ClInclude>
    <ClInclude Include="symbol table.h">
      <Filter>Header Files</Filter>
    </ClInclude>
    <ClInclude Include="geometry.h">
      <Filter>Header Files</Filter>
    </ClInclude>
    <ClInclude Include="graphene.h">
      <Filter>Header Files</Filter>
    </ClInclude>
    <ClInclude Include="opengl overloads.h">
      <Filter>Header Files</Filter>
    </ClInclude>
  </ItemGroup>
  <ItemGroup>
    <Text Include="notes.txt">
      <Filter>Support Files</Filter>
    </Text>
    <Text Include="todo.txt">
      <Filter>Support Files</Filter>
    </Text>
  </ItemGroup>
</Project>